
Microsoft Visual Studio Solution File, Format Version 12.00
# Visual Studio Version 16
VisualStudioVersion = 16.0.30309.148
MinimumVisualStudioVersion = 10.0.40219.1
Project("{FAE04EC0-301F-11D3-BF4B-00C04F79EFBC}") = "AHBC_Lab10", "AHBC_Lab10\AHBC_Lab10.csproj", "{824D24CA-624E-46E2-B39A-926F6CF153CC}"
EndProject
Global
	GlobalSection(SolutionConfigurationPlatforms) = preSolution
		Debug|Any CPU = Debug|Any CPU
		Release|Any CPU = Release|Any CPU
	EndGlobalSection
	GlobalSection(ProjectConfigurationPlatforms) = postSolution
		{824D24CA-624E-46E2-B39A-926F6CF153CC}.Debug|Any CPU.ActiveCfg = Debug|Any CPU
		{824D24CA-624E-46E2-B39A-926F6CF153CC}.Debug|Any CPU.Build.0 = Debug|Any CPU
		{824D24CA-624E-46E2-B39A-926F6CF153CC}.Release|Any CPU.ActiveCfg = Release|Any CPU
		{824D24CA-624E-46E2-B39A-926F6CF153CC}.Release|Any CPU.Build.0 = Release|Any CPU
	EndGlobalSection
	GlobalSection(SolutionProperties) = preSolution
		HideSolutionNode = FALSE
	EndGlobalSection
	GlobalSection(ExtensibilityGlobals) = postSolution
		SolutionGuid = {BFB7E99E-3FB8-42C4-BDA2-2CC983B7B977}
	EndGlobalSection
EndGlobal
